Microsoft Visual Studio Solution File, Format Version 12.00
# Visual Studio Version 17
VisualStudioVersion = 17.5.2.0
MinimumVisualStudioVersion = 10.0.40219.1
Project("{2150E333-8FDC-42A3-9474-1A3956D46DE8}") = "5-dotnet", "5-dotnet", "{A86A150B-690F-A314-A39D-5577D98D5BA2}"
EndProject
Project("{FAE04EC0-301F-11D3-BF4B-00C04F79EFBC}") = "TestApp", "5-dotnet\TestApp\TestApp.csproj", "{D6DF5B56-4683-2DAB-90C5-FA16C9A9D8B7}"
EndProject
Global
	GlobalSection(SolutionConfigurationPlatforms) = preSolution
		Debug|Any CPU = Debug|Any CPU
		Release|Any CPU = Release|Any CPU
	EndGlobalSection
	GlobalSection(ProjectConfigurationPlatforms) = postSolution
		{D6DF5B56-4683-2DAB-90C5-FA16C9A9D8B7}.Debug|Any CPU.ActiveCfg = Debug|Any CPU
		{D6DF5B56-4683-2DAB-90C5-FA16C9A9D8B7}.Debug|Any CPU.Build.0 = Debug|Any CPU
		{D6DF5B56-4683-2DAB-90C5-FA16C9A9D8B7}.Release|Any CPU.ActiveCfg = Release|Any CPU
		{D6DF5B56-4683-2DAB-90C5-FA16C9A9D8B7}.Release|Any CPU.Build.0 = Release|Any CPU
	EndGlobalSection
	GlobalSection(SolutionProperties) = preSolution
		HideSolutionNode = FALSE
	EndGlobalSection
	GlobalSection(NestedProjects) = preSolution
		{D6DF5B56-4683-2DAB-90C5-FA16C9A9D8B7} = {A86A150B-690F-A314-A39D-5577D98D5BA2}
	EndGlobalSection
	GlobalSection(ExtensibilityGlobals) = postSolution
		SolutionGuid = {BFBA6C82-A0A9-440A-A00D-70FB063CE80F}
	EndGlobalSection
EndGlobal
