Microsoft Visual Studio Solution File, Format Version 12.00
# Visual Studio Version 17
VisualStudioVersion = 17.5.2.0
MinimumVisualStudioVersion = 10.0.40219.1
Project("{FAE04EC0-301F-11D3-BF4B-00C04F79EFBC}") = "OOPCarApp", "OOPCarApp.csproj", "{C756E505-247F-8437-C781-D2C209FA1F89}"
EndProject
Global
	GlobalSection(SolutionConfigurationPlatforms) = preSolution
		Debug|Any CPU = Debug|Any CPU
		Release|Any CPU = Release|Any CPU
	EndGlobalSection
	GlobalSection(ProjectConfigurationPlatforms) = postSolution
		{C756E505-247F-8437-C781-D2C209FA1F89}.Debug|Any CPU.ActiveCfg = Debug|Any CPU
		{C756E505-247F-8437-C781-D2C209FA1F89}.Debug|Any CPU.Build.0 = Debug|Any CPU
		{C756E505-247F-8437-C781-D2C209FA1F89}.Release|Any CPU.ActiveCfg = Release|Any CPU
		{C756E505-247F-8437-C781-D2C209FA1F89}.Release|Any CPU.Build.0 = Release|Any CPU
	EndGlobalSection
	GlobalSection(SolutionProperties) = preSolution
		HideSolutionNode = FALSE
	EndGlobalSection
	GlobalSection(ExtensibilityGlobals) = postSolution
		SolutionGuid = {598F9D2B-A292-46C2-BCBE-31D7B1B3238E}
	EndGlobalSection
EndGlobal
