Microsoft Visual Studio Solution File, Format Version 12.00
# Visual Studio Version 17
VisualStudioVersion = 17.5.2.0
MinimumVisualStudioVersion = 10.0.40219.1
Project("{FAE04EC0-301F-11D3-BF4B-00C04F79EFBC}") = "WednesdayApp", "WednesdayApp\WednesdayApp.csproj", "{96F958EF-E6D6-283B-D755-23FA3A6F844B}"
EndProject
Global
	GlobalSection(SolutionConfigurationPlatforms) = preSolution
		Debug|Any CPU = Debug|Any CPU
		Release|Any CPU = Release|Any CPU
	EndGlobalSection
	GlobalSection(ProjectConfigurationPlatforms) = postSolution
		{96F958EF-E6D6-283B-D755-23FA3A6F844B}.Debug|Any CPU.ActiveCfg = Debug|Any CPU
		{96F958EF-E6D6-283B-D755-23FA3A6F844B}.Debug|Any CPU.Build.0 = Debug|Any CPU
		{96F958EF-E6D6-283B-D755-23FA3A6F844B}.Release|Any CPU.ActiveCfg = Release|Any CPU
		{96F958EF-E6D6-283B-D755-23FA3A6F844B}.Release|Any CPU.Build.0 = Release|Any CPU
	EndGlobalSection
	GlobalSection(SolutionProperties) = preSolution
		HideSolutionNode = FALSE
	EndGlobalSection
	GlobalSection(ExtensibilityGlobals) = postSolution
		SolutionGuid = {98767894-8A0D-43F1-96DF-44A725A47D9C}
	EndGlobalSection
EndGlobal
