Microsoft Visual Studio Solution File, Format Version 12.00
# Visual Studio Version 17
VisualStudioVersion = 17.5.2.0
MinimumVisualStudioVersion = 10.0.40219.1
Project("{FAE04EC0-301F-11D3-BF4B-00C04F79EFBC}") = "ErrorHandling", "ErrorHandling.csproj", "{3DEFE9AC-E4DA-958D-FC4E-159A589CE1E2}"
EndProject
Global
	GlobalSection(SolutionConfigurationPlatforms) = preSolution
		Debug|Any CPU = Debug|Any CPU
		Release|Any CPU = Release|Any CPU
	EndGlobalSection
	GlobalSection(ProjectConfigurationPlatforms) = postSolution
		{3DEFE9AC-E4DA-958D-FC4E-159A589CE1E2}.Debug|Any CPU.ActiveCfg = Debug|Any CPU
		{3DEFE9AC-E4DA-958D-FC4E-159A589CE1E2}.Debug|Any CPU.Build.0 = Debug|Any CPU
		{3DEFE9AC-E4DA-958D-FC4E-159A589CE1E2}.Release|Any CPU.ActiveCfg = Release|Any CPU
		{3DEFE9AC-E4DA-958D-FC4E-159A589CE1E2}.Release|Any CPU.Build.0 = Release|Any CPU
	EndGlobalSection
	GlobalSection(SolutionProperties) = preSolution
		HideSolutionNode = FALSE
	EndGlobalSection
	GlobalSection(ExtensibilityGlobals) = postSolution
		SolutionGuid = {E2FCC881-30D3-4DEA-A3B8-5C259A0E16FE}
	EndGlobalSection
EndGlobal
