Microsoft Visual Studio Solution File, Format Version 12.00
# Visual Studio Version 17
VisualStudioVersion = 17.5.2.0
MinimumVisualStudioVersion = 10.0.40219.1
Project("{FAE04EC0-301F-11D3-BF4B-00C04F79EFBC}") = "DiceRollerApp", "DiceRollerApp.csproj", "{A11F0457-58AA-0C57-5CE0-7C9DD029931E}"
EndProject
Global
	GlobalSection(SolutionConfigurationPlatforms) = preSolution
		Debug|Any CPU = Debug|Any CPU
		Release|Any CPU = Release|Any CPU
	EndGlobalSection
	GlobalSection(ProjectConfigurationPlatforms) = postSolution
		{A11F0457-58AA-0C57-5CE0-7C9DD029931E}.Debug|Any CPU.ActiveCfg = Debug|Any CPU
		{A11F0457-58AA-0C57-5CE0-7C9DD029931E}.Debug|Any CPU.Build.0 = Debug|Any CPU
		{A11F0457-58AA-0C57-5CE0-7C9DD029931E}.Release|Any CPU.ActiveCfg = Release|Any CPU
		{A11F0457-58AA-0C57-5CE0-7C9DD029931E}.Release|Any CPU.Build.0 = Release|Any CPU
	EndGlobalSection
	GlobalSection(SolutionProperties) = preSolution
		HideSolutionNode = FALSE
	EndGlobalSection
	GlobalSection(ExtensibilityGlobals) = postSolution
		SolutionGuid = {D5DA6C6E-5CBA-48CC-AF7F-0EB5CB1C1348}
	EndGlobalSection
EndGlobal
