Microsoft Visual Studio Solution File, Format Version 12.00
# Visual Studio Version 17
VisualStudioVersion = 17.5.2.0
MinimumVisualStudioVersion = 10.0.40219.1
Project("{FAE04EC0-301F-11D3-BF4B-00C04F79EFBC}") = "OopInheritanceAndPolymorphismApp", "OopInheritanceAndPolymorphismApp.csproj", "{CA79B6EF-983B-C439-727D-7640D57921FB}"
EndProject
Global
	GlobalSection(SolutionConfigurationPlatforms) = preSolution
		Debug|Any CPU = Debug|Any CPU
		Release|Any CPU = Release|Any CPU
	EndGlobalSection
	GlobalSection(ProjectConfigurationPlatforms) = postSolution
		{CA79B6EF-983B-C439-727D-7640D57921FB}.Debug|Any CPU.ActiveCfg = Debug|Any CPU
		{CA79B6EF-983B-C439-727D-7640D57921FB}.Debug|Any CPU.Build.0 = Debug|Any CPU
		{CA79B6EF-983B-C439-727D-7640D57921FB}.Release|Any CPU.ActiveCfg = Release|Any CPU
		{CA79B6EF-983B-C439-727D-7640D57921FB}.Release|Any CPU.Build.0 = Release|Any CPU
	EndGlobalSection
	GlobalSection(SolutionProperties) = preSolution
		HideSolutionNode = FALSE
	EndGlobalSection
	GlobalSection(ExtensibilityGlobals) = postSolution
		SolutionGuid = {5063B314-94F7-4A3F-A9DC-3C62EEADF7A6}
	EndGlobalSection
EndGlobal
